// !$*UTF8*$!
{
	archiveVersion = 1;
	classes = {
	};
	objectVersion = 46;
	objects = {

/* Begin PBXBuildFile section */
		3071F2E71E17B53600BF2686 /* MainViewController.swift in Sources */ = {isa = PBXBuildFile; fileRef = 3071F2E61E17B53600BF2686 /* MainViewController.swift */; };
		3071F2E91E1D954F00BF2686 /* CustomCell.swift in Sources */ = {isa = PBXBuildFile; fileRef = 3071F2E81E1D954F00BF2686 /* CustomCell.swift */; };
		3071F2EB1E22886400BF2686 /* ActorsTableViewController.swift in Sources */ = {isa = PBXBuildFile; fileRef = 3071F2EA1E22886400BF2686 /* ActorsTableViewController.swift */; };
		3071F2ED1E229B4500BF2686 /* CustomActorCell.swift in Sources */ = {isa = PBXBuildFile; fileRef = 3071F2EC1E229B4500BF2686 /* CustomActorCell.swift */; };
		3071F2F01E22DE6600BF2686 /* CustomMovieCell.swift in Sources */ = {isa = PBXBuildFile; fileRef = 3071F2EF1E22DE6600BF2686 /* CustomMovieCell.swift */; };
		3071F2F21E22E5BF00BF2686 /* CutomNavigationController.swift in Sources */ = {isa = PBXBuildFile; fileRef = 3071F2F11E22E5BF00BF2686 /* CutomNavigationController.swift */; };
		3089F2F01DC2B97B00144F9C /* AppDelegate.swift in Sources */ = {isa = PBXBuildFile; fileRef = 3089F2EF1DC2B97B00144F9C /* AppDelegate.swift */; };
		3089F2F51DC2B97B00144F9C /* Main.storyboard in Resources */ = {isa = PBXBuildFile; fileRef = 3089F2F31DC2B97B00144F9C /* Main.storyboard */; };
		3089F2F71DC2B97B00144F9C /* Assets.xcassets in Resources */ = {isa = PBXBuildFile; fileRef = 3089F2F61DC2B97B00144F9C /* Assets.xcassets */; };
		3089F2FA1DC2B97B00144F9C /* LaunchScreen.storyboard in Resources */ = {isa = PBXBuildFile; fileRef = 3089F2F81DC2B97B00144F9C /* LaunchScreen.storyboard */; };
		3089F3021DC2B9C700144F9C /* MovieDB.swift in Sources */ = {isa = PBXBuildFile; fileRef = 3089F3011DC2B9C700144F9C /* MovieDB.swift */; };
		3089F3051DC2CF0600144F9C /* MovieDBClient.swift in Sources */ = {isa = PBXBuildFile; fileRef = 3089F3041DC2CF0600144F9C /* MovieDBClient.swift */; };
		3089F3071DC2D09C00144F9C /* BasicElements.swift in Sources */ = {isa = PBXBuildFile; fileRef = 3089F3061DC2D09C00144F9C /* BasicElements.swift */; };
		309560E51DC36A6E006A84C0 /* GenresTableViewController.swift in Sources */ = {isa = PBXBuildFile; fileRef = 309560E41DC36A6E006A84C0 /* GenresTableViewController.swift */; };
		309560E71DC38B0A006A84C0 /* MoviesTableViewController.swift in Sources */ = {isa = PBXBuildFile; fileRef = 309560E61DC38B0A006A84C0 /* MoviesTableViewController.swift */; };
		30FD1C241DC698060034F81B /* PosterViewController.swift in Sources */ = {isa = PBXBuildFile; fileRef = 30FD1C231DC698060034F81B /* PosterViewController.swift */; };
/* End PBXBuildFile section */

/* Begin PBXFileReference section */
		3071F2E61E17B53600BF2686 /* MainViewController.swift */ = {isa = PBXFileReference; fileEncoding = 4; lastKnownFileType = sourcecode.swift; path = MainViewController.swift; sourceTree = "<group>"; };
		3071F2E81E1D954F00BF2686 /* CustomCell.swift */ = {isa = PBXFileReference; fileEncoding = 4; lastKnownFileType = sourcecode.swift; path = CustomCell.swift; sourceTree = "<group>"; };
		3071F2EA1E22886400BF2686 /* ActorsTableViewController.swift */ = {isa = PBXFileReference; fileEncoding = 4; lastKnownFileType = sourcecode.swift; path = ActorsTableViewController.swift; sourceTree = "<group>"; };
		3071F2EC1E229B4500BF2686 /* CustomActorCell.swift */ = {isa = PBXFileReference; fileEncoding = 4; lastKnownFileType = sourcecode.swift; path = CustomActorCell.swift; sourceTree = "<group>"; };
		3071F2EF1E22DE6600BF2686 /* CustomMovieCell.swift */ = {isa = PBXFileReference; fileEncoding = 4; lastKnownFileType = sourcecode.swift; path = CustomMovieCell.swift; sourceTree = "<group>"; };
		3071F2F11E22E5BF00BF2686 /* CutomNavigationController.swift */ = {isa = PBXFileReference; fileEncoding = 4; lastKnownFileType = sourcecode.swift; path = CutomNavigationController.swift; sourceTree = "<group>"; };
		3089F2EC1DC2B97A00144F9C /* MovieNight.app */ = {isa = PBXFileReference; explicitFileType = wrapper.application; includeInIndex = 0; path = MovieNight.app; sourceTree = BUILT_PRODUCTS_DIR; };
		3089F2EF1DC2B97B00144F9C /* AppDelegate.swift */ = {isa = PBXFileReference; lastKnownFileType = sourcecode.swift; path = AppDelegate.swift; sourceTree = "<group>"; };
		3089F2F41DC2B97B00144F9C /* Base */ = {isa = PBXFileReference; lastKnownFileType = file.storyboard; name = Base; path = Base.lproj/Main.storyboard; sourceTree = "<group>"; };
		3089F2F61DC2B97B00144F9C /* Assets.xcassets */ = {isa = PBXFileReference; lastKnownFileType = folder.assetcatalog; path = Assets.xcassets; sourceTree = "<group>"; };
		3089F2F91DC2B97B00144F9C /* Base */ = {isa = PBXFileReference; lastKnownFileType = file.storyboard; name = Base; path = Base.lproj/LaunchScreen.storyboard; sourceTree = "<group>"; };
		3089F2FB1DC2B97B00144F9C /* Info.plist */ = {isa = PBXFileReference; lastKnownFileType = text.plist.xml; path = Info.plist; sourceTree = "<group>"; };
		3089F3011DC2B9C700144F9C /* MovieDB.swift */ = {isa = PBXFileReference; fileEncoding = 4; lastKnownFileType = sourcecode.swift; path = MovieDB.swift; sourceTree = "<group>"; };
		3089F3041DC2CF0600144F9C /* MovieDBClient.swift */ = {isa = PBXFileReference; fileEncoding = 4; lastKnownFileType = sourcecode.swift; path = MovieDBClient.swift; sourceTree = "<group>"; };
		3089F3061DC2D09C00144F9C /* BasicElements.swift */ = {isa = PBXFileReference; fileEncoding = 4; lastKnownFileType = sourcecode.swift; path = BasicElements.swift; sourceTree = "<group>"; };
		309560E41DC36A6E006A84C0 /* GenresTableViewController.swift */ = {isa = PBXFileReference; fileEncoding = 4; lastKnownFileType = sourcecode.swift; path = GenresTableViewController.swift; sourceTree = "<group>"; };
		309560E61DC38B0A006A84C0 /* MoviesTableViewController.swift */ = {isa = PBXFileReference; fileEncoding = 4; lastKnownFileType = sourcecode.swift; path = MoviesTableViewController.swift; sourceTree = "<group>"; };
		30FD1C231DC698060034F81B /* PosterViewController.swift */ = {isa = PBXFileReference; fileEncoding = 4; lastKnownFileType = sourcecode.swift; path = PosterViewController.swift; sourceTree = "<group>"; };
/* End PBXFileReference section */

/* Begin PBXFrameworksBuildPhase section */
		3089F2E91DC2B97500144F9C /* Frameworks */ = {
			isa = PBXFrameworksBuildPhase;
			buildActionMask = 2147483647;
			files = (
			);
			runOnlyForDeploymentPostprocessing = 0;
		};
/* End PBXFrameworksBuildPhase section */

/* Begin PBXGroup section */
		3071F2E51E17B4F300BF2686 /* View Controllers */ = {
			isa = PBXGroup;
			children = (
				3071F2EE1E22C03300BF2686 /* Flow */,
				3071F2E61E17B53600BF2686 /* MainViewController.swift */,
				3071F2F11E22E5BF00BF2686 /* CutomNavigationController.swift */,
				30FD1C231DC698060034F81B /* PosterViewController.swift */,
			);
			name = "View Controllers";
			sourceTree = "<group>";
		};
		3071F2EE1E22C03300BF2686 /* Flow */ = {
			isa = PBXGroup;
			children = (
				309560E41DC36A6E006A84C0 /* GenresTableViewController.swift */,
				3071F2E81E1D954F00BF2686 /* CustomCell.swift */,
				3071F2EA1E22886400BF2686 /* ActorsTableViewController.swift */,
				3071F2EC1E229B4500BF2686 /* CustomActorCell.swift */,
				309560E61DC38B0A006A84C0 /* MoviesTableViewController.swift */,
				3071F2EF1E22DE6600BF2686 /* CustomMovieCell.swift */,
			);
			name = Flow;
			sourceTree = "<group>";
		};
		3089F2E31DC2B97400144F9C = {
			isa = PBXGroup;
			children = (
				3089F2EE1DC2B97B00144F9C /* MovieNight */,
				3089F2ED1DC2B97A00144F9C /* Products */,
			);
			sourceTree = "<group>";
		};
		3089F2ED1DC2B97A00144F9C /* Products */ = {
			isa = PBXGroup;
			children = (
				3089F2EC1DC2B97A00144F9C /* MovieNight.app */,
			);
			name = Products;
			sourceTree = "<group>";
		};
		3089F2EE1DC2B97B00144F9C /* MovieNight */ = {
			isa = PBXGroup;
			children = (
				3089F3031DC2B9EB00144F9C /* Model */,
				3089F2EF1DC2B97B00144F9C /* AppDelegate.swift */,
				3071F2E51E17B4F300BF2686 /* View Controllers */,
				3089F2F31DC2B97B00144F9C /* Main.storyboard */,
				3089F2F61DC2B97B00144F9C /* Assets.xcassets */,
				3089F2F81DC2B97B00144F9C /* LaunchScreen.storyboard */,
				3089F2FB1DC2B97B00144F9C /* Info.plist */,
			);
			path = MovieNight;
			sourceTree = "<group>";
		};
		3089F3031DC2B9EB00144F9C /* Model */ = {
			isa = PBXGroup;
			children = (
				3089F3061DC2D09C00144F9C /* BasicElements.swift */,
				3089F3011DC2B9C700144F9C /* MovieDB.swift */,
				3089F3041DC2CF0600144F9C /* MovieDBClient.swift */,
			);
			name = Model;
			sourceTree = "<group>";
		};
/* End PBXGroup section */

/* Begin PBXNativeTarget section */
		3089F2EB1DC2B97500144F9C /* MovieNight */ = {
			isa = PBXNativeTarget;
			buildConfigurationList = 3089F2FE1DC2B97B00144F9C /* Build configuration list for PBXNativeTarget "MovieNight" */;
			buildPhases = (
				3089F2E81DC2B97500144F9C /* Sources */,
				3089F2E91DC2B97500144F9C /* Frameworks */,
				3089F2EA1DC2B97500144F9C /* Resources */,
			);
			buildRules = (
			);
			dependencies = (
			);
			name = MovieNight;
			productName = MovieNight;
			productReference = 3089F2EC1DC2B97A00144F9C /* MovieNight.app */;
			productType = "com.apple.product-type.application";
		};
/* End PBXNativeTarget section */

/* Begin PBXProject section */
		3089F2E41DC2B97500144F9C /* Project object */ = {
			isa = PBXProject;
			attributes = {
				LastSwiftUpdateCheck = 0800;
				LastUpgradeCheck = 0810;
				ORGANIZATIONNAME = "Safwat Shenouda";
				TargetAttributes = {
					3089F2EB1DC2B97500144F9C = {
						CreatedOnToolsVersion = 8.0;
						DevelopmentTeam = B95A6DKU56;
						ProvisioningStyle = Automatic;
					};
				};
			};
			buildConfigurationList = 3089F2E71DC2B97500144F9C /* Build configuration list for PBXProject "MovieNight" */;
			compatibilityVersion = "Xcode 3.2";
			developmentRegion = English;
			hasScannedForEncodings = 0;
			knownRegions = (
				en,
				Base,
			);
			mainGroup = 3089F2E31DC2B97400144F9C;
			productRefGroup = 3089F2ED1DC2B97A00144F9C /* Products */;
			projectDirPath = "";
			projectRoot = "";
			targets = (
				3089F2EB1DC2B97500144F9C /* MovieNight */,
			);
		};
/* End PBXProject section */

/* Begin PBXResourcesBuildPhase section */
		3089F2EA1DC2B97500144F9C /* Resources */ = {
			isa = PBXResourcesBuildPhase;
			buildActionMask = 2147483647;
			files = (
				3089F2FA1DC2B97B00144F9C /* LaunchScreen.storyboard in Resources */,
				3089F2F71DC2B97B00144F9C /* Assets.xcassets in Resources */,
				3089F2F51DC2B97B00144F9C /* Main.storyboard in Resources */,
			);
			runOnlyForDeploymentPostprocessing = 0;
		};
/* End PBXResourcesBuildPhase section */

/* Begin PBXSourcesBuildPhase section */
		3089F2E81DC2B97500144F9C /* Sources */ = {
			isa = PBXSourcesBuildPhase;
			buildActionMask = 2147483647;
			files = (
				3071F2F01E22DE6600BF2686 /* CustomMovieCell.swift in Sources */,
				30FD1C241DC698060034F81B /* PosterViewController.swift in Sources */,
				3071F2F21E22E5BF00BF2686 /* CutomNavigationController.swift in Sources */,
				3071F2EB1E22886400BF2686 /* ActorsTableViewController.swift in Sources */,
				3089F3021DC2B9C700144F9C /* MovieDB.swift in Sources */,
				3089F3071DC2D09C00144F9C /* BasicElements.swift in Sources */,
				309560E51DC36A6E006A84C0 /* GenresTableViewController.swift in Sources */,
				3089F2F01DC2B97B00144F9C /* AppDelegate.swift in Sources */,
				3071F2E71E17B53600BF2686 /* MainViewController.swift in Sources */,
				3071F2ED1E229B4500BF2686 /* CustomActorCell.swift in Sources */,
				309560E71DC38B0A006A84C0 /* MoviesTableViewController.swift in Sources */,
				3071F2E91E1D954F00BF2686 /* CustomCell.swift in Sources */,
				3089F3051DC2CF0600144F9C /* MovieDBClient.swift in Sources */,
			);
			runOnlyForDeploymentPostprocessing = 0;
		};
/* End PBXSourcesBuildPhase section */

/* Begin PBXVariantGroup section */
		3089F2F31DC2B97B00144F9C /* Main.storyboard */ = {
			isa = PBXVariantGroup;
			children = (
				3089F2F41DC2B97B00144F9C /* Base */,
			);
			name = Main.storyboard;
			sourceTree = "<group>";
		};
		3089F2F81DC2B97B00144F9C /* LaunchScreen.storyboard */ = {
			isa = PBXVariantGroup;
			children = (
				3089F2F91DC2B97B00144F9C /* Base */,
			);
			name = LaunchScreen.storyboard;
			sourceTree = "<group>";
		};
/* End PBXVariantGroup section */

/* Begin XCBuildConfiguration section */
		3089F2FC1DC2B97B00144F9C /* Debug */ = {
			isa = XCBuildConfiguration;
			buildSettings = {
				ALWAYS_SEARCH_USER_PATHS = NO;
				CLANG_ANALYZER_NONNULL = YES;
				CLANG_CXX_LANGUAGE_STANDARD = "gnu++0x";
				CLANG_CXX_LIBRARY = "libc++";
				CLANG_ENABLE_MODULES = YES;
				CLANG_ENABLE_OBJC_ARC = YES;
				CLANG_WARN_BOOL_CONVERSION = YES;
				CLANG_WARN_CONSTANT_CONVERSION = YES;
				CLANG_WARN_DIRECT_OBJC_ISA_USAGE = YES_ERROR;
				CLANG_WARN_DOCUMENTATION_COMMENTS = YES;
				CLANG_WARN_EMPTY_BODY = YES;
				CLANG_WARN_ENUM_CONVERSION = YES;
				CLANG_WARN_INFINITE_RECURSION = YES;
				CLANG_WARN_INT_CONVERSION = YES;
				CLANG_WARN_OBJC_ROOT_CLASS = YES_ERROR;
				CLANG_WARN_SUSPICIOUS_MOVE = YES;
				CLANG_WARN_SUSPICIOUS_MOVES = YES;
				CLANG_WARN_UNREACHABLE_CODE = YES;
				CLANG_WARN__DUPLICATE_METHOD_MATCH = YES;
				"CODE_SIGN_IDENTITY[sdk=iphoneos*]" = "iPhone Developer";
				COPY_PHASE_STRIP = NO;
				DEBUG_INFORMATION_FORMAT = dwarf;
				ENABLE_STRICT_OBJC_MSGSEND = YES;
				ENABLE_TESTABILITY = YES;
				GCC_C_LANGUAGE_STANDARD = gnu99;
				GCC_DYNAMIC_NO_PIC = NO;
				GCC_NO_COMMON_BLOCKS = YES;
				GCC_OPTIMIZATION_LEVEL = 0;
				GCC_PREPROCESSOR_DEFINITIONS = (
					"DEBUG=1",
					"$(inherited)",
				);
				GCC_WARN_64_TO_32_BIT_CONVERSION = YES;
				GCC_WARN_ABOUT_RETURN_TYPE = YES_ERROR;
				GCC_WARN_UNDECLARED_SELECTOR = YES;
				GCC_WARN_UNINITIALIZED_AUTOS = YES_AGGRESSIVE;
				GCC_WARN_UNUSED_FUNCTION = YES;
				GCC_WARN_UNUSED_VARIABLE = YES;
				IPHONEOS_DEPLOYMENT_TARGET = 10.0;
				MTL_ENABLE_DEBUG_INFO = YES;
				ONLY_ACTIVE_ARCH = YES;
				SDKROOT = iphoneos;
				SWIFT_ACTIVE_COMPILATION_CONDITIONS = DEBUG;
				SWIFT_OPTIMIZATION_LEVEL = "-Onone";
			};
			name = Debug;
		};
		3089F2FD1DC2B97B00144F9C /* Release */ = {
			isa = XCBuildConfiguration;
			buildSettings = {
				ALWAYS_SEARCH_USER_PATHS = NO;
				CLANG_ANALYZER_NONNULL = YES;
				CLANG_CXX_LANGUAGE_STANDARD = "gnu++0x";
				CLANG_CXX_LIBRARY = "libc++";
				CLANG_ENABLE_MODULES = YES;
				CLANG_ENABLE_OBJC_ARC = YES;
				CLANG_WARN_BOOL_CONVERSION = YES;
				CLANG_WARN_CONSTANT_CONVERSION = YES;
				CLANG_WARN_DIRECT_OBJC_ISA_USAGE = YES_ERROR;
				CLANG_WARN_DOCUMENTATION_COMMENTS = YES;
				CLANG_WARN_EMPTY_BODY = YES;
				CLANG_WARN_ENUM_CONVERSION = YES;
				CLANG_WARN_INFINITE_RECURSION = YES;
				CLANG_WARN_INT_CONVERSION = YES;
				CLANG_WARN_OBJC_ROOT_CLASS = YES_ERROR;
				CLANG_WARN_SUSPICIOUS_MOVE = YES;
				CLANG_WARN_SUSPICIOUS_MOVES = YES;
				CLANG_WARN_UNREACHABLE_CODE = YES;
				CLANG_WARN__DUPLICATE_METHOD_MATCH = YES;
				"CODE_SIGN_IDENTITY[sdk=iphoneos*]" = "iPhone Developer";
				COPY_PHASE_STRIP = NO;
				DEBUG_INFORMATION_FORMAT = "dwarf-with-dsym";
				ENABLE_NS_ASSERTIONS = NO;
				ENABLE_STRICT_OBJC_MSGSEND = YES;
				GCC_C_LANGUAGE_STANDARD = gnu99;
				GCC_NO_COMMON_BLOCKS = YES;
				GCC_WARN_64_TO_32_BIT_CONVERSION = YES;
				GCC_WARN_ABOUT_RETURN_TYPE = YES_ERROR;
				GCC_WARN_UNDECLARED_SELECTOR = YES;
				GCC_WARN_UNINITIALIZED_AUTOS = YES_AGGRESSIVE;
				GCC_WARN_UNUSED_FUNCTION = YES;
				GCC_WARN_UNUSED_VARIABLE = YES;
				IPHONEOS_DEPLOYMENT_TARGET = 10.0;
				MTL_ENABLE_DEBUG_INFO = NO;
				SDKROOT = iphoneos;
				SWIFT_OPTIMIZATION_LEVEL = "-Owholemodule";
				VALIDATE_PRODUCT = YES;
			};
			name = Release;
		};
		3089F2FF1DC2B97B00144F9C /* Debug */ = {
			isa = XCBuildConfiguration;
			buildSettings = {
				ASSETCATALOG_COMPILER_APPICON_NAME = AppIcon;
				DEVELOPMENT_TEAM = B95A6DKU56;
				INFOPLIST_FILE = MovieNight/Info.plist;
				LD_RUNPATH_SEARCH_PATHS = "$(inherited) @executable_path/Frameworks";
				PRODUCT_BUNDLE_IDENTIFIER = com.safwat.MovieNight;
				PRODUCT_NAME = "$(TARGET_NAME)";
				SWIFT_VERSION = 3.0;
			};
			name = Debug;
		};
		3089F3001DC2B97B00144F9C /* Release */ = {
			isa = XCBuildConfiguration;
			buildSettings = {
				ASSETCATALOG_COMPILER_APPICON_NAME = AppIcon;
				DEVELOPMENT_TEAM = B95A6DKU56;
				INFOPLIST_FILE = MovieNight/Info.plist;
				LD_RUNPATH_SEARCH_PATHS = "$(inherited) @executable_path/Frameworks";
				PRODUCT_BUNDLE_IDENTIFIER = com.safwat.MovieNight;
				PRODUCT_NAME = "$(TARGET_NAME)";
				SWIFT_VERSION = 3.0;
			};
			name = Release;
		};
/* End XCBuildConfiguration section */

/* Begin XCConfigurationList section */
		3089F2E71DC2B97500144F9C /* Build configuration list for PBXProject "MovieNight" */ = {
			isa = XCConfigurationList;
			buildConfigurations = (
				3089F2FC1DC2B97B00144F9C /* Debug */,
				3089F2FD1DC2B97B00144F9C /* Release */,
			);
			defaultConfigurationIsVisible = 0;
			defaultConfigurationName = Release;
		};
		3089F2FE1DC2B97B00144F9C /* Build configuration list for PBXNativeTarget "MovieNight" */ = {
			isa = XCConfigurationList;
			buildConfigurations = (
				3089F2FF1DC2B97B00144F9C /* Debug */,
				3089F3001DC2B97B00144F9C /* Release */,
			);
			defaultConfigurationIsVisible = 0;
			defaultConfigurationName = Release;
		};
/* End XCConfigurationList section */
	};
	rootObject = 3089F2E41DC2B97500144F9C /* Project object */;
}
